
Microsoft Visual Studio Solution File, Format Version 12.00
# Visual Studio Version 17
VisualStudioVersion = 17.1.32407.343
MinimumVisualStudioVersion = 10.0.40219.1
Project("{FAE04EC0-301F-11D3-BF4B-00C04F79EFBC}") = "JwtWebAPI", "JwtWebAPI\JwtWebAPI.csproj", "{1546E9EE-1494-4EE2-AED1-797E15FAFE86}"
EndProject
Global
	GlobalSection(SolutionConfigurationPlatforms) = preSolution
		Debug|Any CPU = Debug|Any CPU
		Release|Any CPU = Release|Any CPU
	EndGlobalSection
	GlobalSection(ProjectConfigurationPlatforms) = postSolution
		{1546E9EE-1494-4EE2-AED1-797E15FAFE86}.Debug|Any CPU.ActiveCfg = Debug|Any CPU
		{1546E9EE-1494-4EE2-AED1-797E15FAFE86}.Debug|Any CPU.Build.0 = Debug|Any CPU
		{1546E9EE-1494-4EE2-AED1-797E15FAFE86}.Release|Any CPU.ActiveCfg = Release|Any CPU
		{1546E9EE-1494-4EE2-AED1-797E15FAFE86}.Release|Any CPU.Build.0 = Release|Any CPU
	EndGlobalSection
	GlobalSection(SolutionProperties) = preSolution
		HideSolutionNode = FALSE
	EndGlobalSection
	GlobalSection(ExtensibilityGlobals) = postSolution
		SolutionGuid = {78A3FE43-2797-4F73-A360-029EBD4313EE}
	EndGlobalSection
EndGlobal
